
Microsoft Visual Studio Solution File, Format Version 12.00
# Visual Studio Version 17
VisualStudioVersion = 17.3.32901.215
MinimumVisualStudioVersion = 10.0.40219.1
Project("{9A19103F-16F7-4668-BE54-9A1E7A4F7556}") = "ShipmentApp", "BusinessLogic\ShipmentApp.csproj", "{B0C8A8B3-050F-4F28-8006-F173AAF6CC9F}"
EndProject
Project("{9A19103F-16F7-4668-BE54-9A1E7A4F7556}") = "Shipments.WebApi", "ShipmentReadyDate\Shipments.WebApi.csproj", "{07B23292-7519-43E4-81B3-4CB9E9738B38}"
EndProject
Project("{FAE04EC0-301F-11D3-BF4B-00C04F79EFBC}") = "Shipments.WebApi.IntegrationTests", "Shipments.WebApi.IntegrationTests\Shipments.WebApi.IntegrationTests.csproj", "{F55BE92A-F20A-4723-8765-8BAA2A334414}"
EndProject
Global
	GlobalSection(SolutionConfigurationPlatforms) = preSolution
		Debug|Any CPU = Debug|Any CPU
		Release|Any CPU = Release|Any CPU
	EndGlobalSection
	GlobalSection(ProjectConfigurationPlatforms) = postSolution
		{B0C8A8B3-050F-4F28-8006-F173AAF6CC9F}.Debug|Any CPU.ActiveCfg = Debug|Any CPU
		{B0C8A8B3-050F-4F28-8006-F173AAF6CC9F}.Debug|Any CPU.Build.0 = Debug|Any CPU
		{B0C8A8B3-050F-4F28-8006-F173AAF6CC9F}.Release|Any CPU.ActiveCfg = Release|Any CPU
		{B0C8A8B3-050F-4F28-8006-F173AAF6CC9F}.Release|Any CPU.Build.0 = Release|Any CPU
		{07B23292-7519-43E4-81B3-4CB9E9738B38}.Debug|Any CPU.ActiveCfg = Debug|Any CPU
		{07B23292-7519-43E4-81B3-4CB9E9738B38}.Debug|Any CPU.Build.0 = Debug|Any CPU
		{07B23292-7519-43E4-81B3-4CB9E9738B38}.Release|Any CPU.ActiveCfg = Release|Any CPU
		{07B23292-7519-43E4-81B3-4CB9E9738B38}.Release|Any CPU.Build.0 = Release|Any CPU
		{F55BE92A-F20A-4723-8765-8BAA2A334414}.Debug|Any CPU.ActiveCfg = Debug|Any CPU
		{F55BE92A-F20A-4723-8765-8BAA2A334414}.Debug|Any CPU.Build.0 = Debug|Any CPU
		{F55BE92A-F20A-4723-8765-8BAA2A334414}.Release|Any CPU.ActiveCfg = Release|Any CPU
		{F55BE92A-F20A-4723-8765-8BAA2A334414}.Release|Any CPU.Build.0 = Release|Any CPU
	EndGlobalSection
	GlobalSection(SolutionProperties) = preSolution
		HideSolutionNode = FALSE
	EndGlobalSection
	GlobalSection(ExtensibilityGlobals) = postSolution
		SolutionGuid = {33C78B91-3064-4E68-AA42-90CF3B104070}
	EndGlobalSection
EndGlobal
